
Microsoft Visual Studio Solution File, Format Version 12.00
# Visual Studio Version 16
VisualStudioVersion = 16.0.33423.256
MinimumVisualStudioVersion = 10.0.40219.1
Project("{FAE04EC0-301F-11D3-BF4B-00C04F79EFBC}") = "ProjetAhmed", "ProjetAhmed\ProjetAhmed.csproj", "{9FC187E3-F58F-4EC7-B16A-33125D093DDF}"
EndProject
Global
	GlobalSection(SolutionConfigurationPlatforms) = preSolution
		Debug|Any CPU = Debug|Any CPU
		Release|Any CPU = Release|Any CPU
	EndGlobalSection
	GlobalSection(ProjectConfigurationPlatforms) = postSolution
		{9FC187E3-F58F-4EC7-B16A-33125D093DDF}.Debug|Any CPU.ActiveCfg = Debug|Any CPU
		{9FC187E3-F58F-4EC7-B16A-33125D093DDF}.Debug|Any CPU.Build.0 = Debug|Any CPU
		{9FC187E3-F58F-4EC7-B16A-33125D093DDF}.Release|Any CPU.ActiveCfg = Release|Any CPU
		{9FC187E3-F58F-4EC7-B16A-33125D093DDF}.Release|Any CPU.Build.0 = Release|Any CPU
	EndGlobalSection
	GlobalSection(SolutionProperties) = preSolution
		HideSolutionNode = FALSE
	EndGlobalSection
	GlobalSection(ExtensibilityGlobals) = postSolution
		SolutionGuid = {83EDE1EC-7530-4B69-9045-0004A9410D3C}
	EndGlobalSection
EndGlobal
